PODS:
  - IQKeyboardManagerSwift (6.1.1)

DEPENDENCIES:
  - IQKeyboardManagerSwift

SPEC REPOS:
  https://github.com/cocoapods/specs.git:
    - IQKeyboardManagerSwift

SPEC CHECKSUMS:
  IQKeyboardManagerSwift: 977affaeb4d6e971975c7790a6850f31d38f1207

PODFILE CHECKSUM: 54de84cf2a477d51db514fdc794c1b8470f44655

COCOAPODS: 1.5.3
